
Microsoft Visual Studio Solution File, Format Version 12.00
# Visual Studio Version 16
VisualStudioVersion = 16.0.29926.136
MinimumVisualStudioVersion = 10.0.40219.1
Project("{9A19103F-16F7-4668-BE54-9A1E7A4F7556}") = "CosmeticShopBusinessLogic", "CosmeticShopBusinessLogic\CosmeticShopBusinessLogic.csproj", "{DE3FDB6E-445D-4201-BC3C-BD590146AE37}"
EndProject
Project("{9A19103F-16F7-4668-BE54-9A1E7A4F7556}") = "CosmeticShopDatabaseImplement", "CosmeticShopDatabaseImplement\CosmeticShopDatabaseImplement.csproj", "{A8A59350-78AC-4987-8261-C8884C92EE48}"
EndProject
Project("{9A19103F-16F7-4668-BE54-9A1E7A4F7556}") = "CosmeticShopWebSupplier", "CosmeticShopWebSupplier\CosmeticShopWebSupplier.csproj", "{79E917FE-446F-4295-B9A9-0FA3059E978F}"
EndProject
Project("{FAE04EC0-301F-11D3-BF4B-00C04F79EFBC}") = "CosmeticShopView", "CosmeticShopView\CosmeticShopView.csproj", "{FD75540E-490F-4667-BAA1-27AFD74B3158}"
EndProject
Global
	GlobalSection(SolutionConfigurationPlatforms) = preSolution
		Debug|Any CPU = Debug|Any CPU
		Release|Any CPU = Release|Any CPU
	EndGlobalSection
	GlobalSection(ProjectConfigurationPlatforms) = postSolution
		{DE3FDB6E-445D-4201-BC3C-BD590146AE37}.Debug|Any CPU.ActiveCfg = Debug|Any CPU
		{DE3FDB6E-445D-4201-BC3C-BD590146AE37}.Debug|Any CPU.Build.0 = Debug|Any CPU
		{DE3FDB6E-445D-4201-BC3C-BD590146AE37}.Release|Any CPU.ActiveCfg = Release|Any CPU
		{DE3FDB6E-445D-4201-BC3C-BD590146AE37}.Release|Any CPU.Build.0 = Release|Any CPU
		{A8A59350-78AC-4987-8261-C8884C92EE48}.Debug|Any CPU.ActiveCfg = Debug|Any CPU
		{A8A59350-78AC-4987-8261-C8884C92EE48}.Debug|Any CPU.Build.0 = Debug|Any CPU
		{A8A59350-78AC-4987-8261-C8884C92EE48}.Release|Any CPU.ActiveCfg = Release|Any CPU
		{A8A59350-78AC-4987-8261-C8884C92EE48}.Release|Any CPU.Build.0 = Release|Any CPU
		{79E917FE-446F-4295-B9A9-0FA3059E978F}.Debug|Any CPU.ActiveCfg = Debug|Any CPU
		{79E917FE-446F-4295-B9A9-0FA3059E978F}.Debug|Any CPU.Build.0 = Debug|Any CPU
		{79E917FE-446F-4295-B9A9-0FA3059E978F}.Release|Any CPU.ActiveCfg = Release|Any CPU
		{79E917FE-446F-4295-B9A9-0FA3059E978F}.Release|Any CPU.Build.0 = Release|Any CPU
		{FD75540E-490F-4667-BAA1-27AFD74B3158}.Debug|Any CPU.ActiveCfg = Debug|Any CPU
		{FD75540E-490F-4667-BAA1-27AFD74B3158}.Debug|Any CPU.Build.0 = Debug|Any CPU
		{FD75540E-490F-4667-BAA1-27AFD74B3158}.Release|Any CPU.ActiveCfg = Release|Any CPU
		{FD75540E-490F-4667-BAA1-27AFD74B3158}.Release|Any CPU.Build.0 = Release|Any CPU
	EndGlobalSection
	GlobalSection(SolutionProperties) = preSolution
		HideSolutionNode = FALSE
	EndGlobalSection
	GlobalSection(ExtensibilityGlobals) = postSolution
		SolutionGuid = {BFF48383-6D9A-4D55-8D12-8B520AAF894C}
	EndGlobalSection
EndGlobal
